
Microsoft Visual Studio Solution File, Format Version 12.00
# Visual Studio Version 16
VisualStudioVersion = 16.0.31515.178
MinimumVisualStudioVersion = 10.0.40219.1
Project("{8BC9CEB8-8B4A-11D0-8D11-00A0C91BC942}") = "QuickSort", "QuickSort\QuickSort.vcxproj", "{72AA234D-C8C6-45A1-B4FE-EC9FE7060642}"
EndProject
Project("{8BC9CEB8-8B4A-11D0-8D11-00A0C91BC942}") = "QuickSortTest", "QuickSortTest\QuickSortTest.vcxproj", "{711D43FC-EFFD-4D67-994D-A48363D5AD5A}"
EndProject
Project("{8BC9CEB8-8B4A-11D0-8D11-00A0C91BC942}") = "Hammurabi", "Hammurabi\Hammurabi.vcxproj", "{3A9F478B-57C4-4062-8935-9ABBC051E12E}"
EndProject
Project("{8BC9CEB8-8B4A-11D0-8D11-00A0C91BC942}") = "DynamicArray", "DynamicArray\DynamicArray.vcxproj", "{8D027C78-5D83-4365-AA85-15D1A77AADDA}"
EndProject
Global
	GlobalSection(SolutionConfigurationPlatforms) = preSolution
		Debug|x64 = Debug|x64
		Debug|x86 = Debug|x86
		Release|x64 = Release|x64
		Release|x86 = Release|x86
	EndGlobalSection
	GlobalSection(ProjectConfigurationPlatforms) = postSolution
		{72AA234D-C8C6-45A1-B4FE-EC9FE7060642}.Debug|x64.ActiveCfg = Debug|x64
		{72AA234D-C8C6-45A1-B4FE-EC9FE7060642}.Debug|x64.Build.0 = Debug|x64
		{72AA234D-C8C6-45A1-B4FE-EC9FE7060642}.Debug|x86.ActiveCfg = Debug|Win32
		{72AA234D-C8C6-45A1-B4FE-EC9FE7060642}.Debug|x86.Build.0 = Debug|Win32
		{72AA234D-C8C6-45A1-B4FE-EC9FE7060642}.Release|x64.ActiveCfg = Release|x64
		{72AA234D-C8C6-45A1-B4FE-EC9FE7060642}.Release|x64.Build.0 = Release|x64
		{72AA234D-C8C6-45A1-B4FE-EC9FE7060642}.Release|x86.ActiveCfg = Release|Win32
		{72AA234D-C8C6-45A1-B4FE-EC9FE7060642}.Release|x86.Build.0 = Release|Win32
		{711D43FC-EFFD-4D67-994D-A48363D5AD5A}.Debug|x64.ActiveCfg = Debug|x64
		{711D43FC-EFFD-4D67-994D-A48363D5AD5A}.Debug|x64.Build.0 = Debug|x64
		{711D43FC-EFFD-4D67-994D-A48363D5AD5A}.Debug|x86.ActiveCfg = Debug|Win32
		{711D43FC-EFFD-4D67-994D-A48363D5AD5A}.Debug|x86.Build.0 = Debug|Win32
		{711D43FC-EFFD-4D67-994D-A48363D5AD5A}.Release|x64.ActiveCfg = Release|x64
		{711D43FC-EFFD-4D67-994D-A48363D5AD5A}.Release|x64.Build.0 = Release|x64
		{711D43FC-EFFD-4D67-994D-A48363D5AD5A}.Release|x86.ActiveCfg = Release|Win32
		{711D43FC-EFFD-4D67-994D-A48363D5AD5A}.Release|x86.Build.0 = Release|Win32
		{3A9F478B-57C4-4062-8935-9ABBC051E12E}.Debug|x64.ActiveCfg = Debug|x64
		{3A9F478B-57C4-4062-8935-9ABBC051E12E}.Debug|x64.Build.0 = Debug|x64
		{3A9F478B-57C4-4062-8935-9ABBC051E12E}.Debug|x86.ActiveCfg = Debug|Win32
		{3A9F478B-57C4-4062-8935-9ABBC051E12E}.Debug|x86.Build.0 = Debug|Win32
		{3A9F478B-57C4-4062-8935-9ABBC051E12E}.Release|x64.ActiveCfg = Release|x64
		{3A9F478B-57C4-4062-8935-9ABBC051E12E}.Release|x64.Build.0 = Release|x64
		{3A9F478B-57C4-4062-8935-9ABBC051E12E}.Release|x86.ActiveCfg = Release|Win32
		{3A9F478B-57C4-4062-8935-9ABBC051E12E}.Release|x86.Build.0 = Release|Win32
		{8D027C78-5D83-4365-AA85-15D1A77AADDA}.Debug|x64.ActiveCfg = Debug|x64
		{8D027C78-5D83-4365-AA85-15D1A77AADDA}.Debug|x64.Build.0 = Debug|x64
		{8D027C78-5D83-4365-AA85-15D1A77AADDA}.Debug|x86.ActiveCfg = Debug|Win32
		{8D027C78-5D83-4365-AA85-15D1A77AADDA}.Debug|x86.Build.0 = Debug|Win32
		{8D027C78-5D83-4365-AA85-15D1A77AADDA}.Release|x64.ActiveCfg = Release|x64
		{8D027C78-5D83-4365-AA85-15D1A77AADDA}.Release|x64.Build.0 = Release|x64
		{8D027C78-5D83-4365-AA85-15D1A77AADDA}.Release|x86.ActiveCfg = Release|Win32
		{8D027C78-5D83-4365-AA85-15D1A77AADDA}.Release|x86.Build.0 = Release|Win32
	EndGlobalSection
	GlobalSection(SolutionProperties) = preSolution
		HideSolutionNode = FALSE
	EndGlobalSection
	GlobalSection(ExtensibilityGlobals) = postSolution
		SolutionGuid = {BE4A048F-A4D1-41B2-918F-EFB8A6545FC4}
	EndGlobalSection
EndGlobal
